
Microsoft Visual Studio Solution File, Format Version 12.00
# Visual Studio Version 17
VisualStudioVersion = 17.5.002.0
MinimumVisualStudioVersion = 10.0.40219.1
Project("{9A19103F-16F7-4668-BE54-9A1E7A4F7556}") = "SpeedBox", "SpeedBox.csproj", "{FECC2410-8D08-4F40-9D01-BDE3A3551E0A}"
EndProject
Global
	GlobalSection(SolutionConfigurationPlatforms) = preSolution
		Debug|Any CPU = Debug|Any CPU
		Release|Any CPU = Release|Any CPU
	EndGlobalSection
	GlobalSection(ProjectConfigurationPlatforms) = postSolution
		{FECC2410-8D08-4F40-9D01-BDE3A3551E0A}.Debug|Any CPU.ActiveCfg = Debug|Any CPU
		{FECC2410-8D08-4F40-9D01-BDE3A3551E0A}.Debug|Any CPU.Build.0 = Debug|Any CPU
		{FECC2410-8D08-4F40-9D01-BDE3A3551E0A}.Release|Any CPU.ActiveCfg = Release|Any CPU
		{FECC2410-8D08-4F40-9D01-BDE3A3551E0A}.Release|Any CPU.Build.0 = Release|Any CPU
	EndGlobalSection
	GlobalSection(SolutionProperties) = preSolution
		HideSolutionNode = FALSE
	EndGlobalSection
	GlobalSection(ExtensibilityGlobals) = postSolution
		SolutionGuid = {9C8A79EE-A89F-4298-AF6D-377A21A78430}
	EndGlobalSection
EndGlobal
